orange 4   139 179 -> 19  255 255
brown  165 135  51 -> 4   255 180
red    165  40 135 -> 180 255 255
yellow 20  180  50 -> 25  255 255
green  70   60  30 -> 90  255 255
blue   100  76  47 -> 120 255 255
violet 115  45  30 -> 156 255 255
black    0   0   0 -> 180  74 127
white    0   0 200 -> 180 150 255